
Microsoft Visual Studio Solution File, Format Version 12.00
# Visual Studio Version 17
VisualStudioVersion = 17.5.2.0
MinimumVisualStudioVersion = 10.0.40219.1
Project("{FAE04EC0-301F-11D3-BF4B-00C04F79EFBC}") = "Spac_Lagersystem", "Spac_Lagersystem\Spac_Lagersystem.csproj", "{D013991C-E259-6273-7BBD-C2F69A408843}"
EndProject
Project("{FAE04EC0-301F-11D3-BF4B-00C04F79EFBC}") = "Spac_Lagersystem_Unittests", "Spac_Lagersystem_Unittests\Spac_Lagersystem_Unittests.csproj", "{5331F115-4752-4F13-B874-A3C1F99BFF00}"
EndProject
Global
	GlobalSection(SolutionConfigurationPlatforms) = preSolution
		Debug|Any CPU = Debug|Any CPU
		Debug|x64 = Debug|x64
		Debug|x86 = Debug|x86
		Release|Any CPU = Release|Any CPU
		Release|x64 = Release|x64
		Release|x86 = Release|x86
	EndGlobalSection
	GlobalSection(ProjectConfigurationPlatforms) = postSolution
		{D013991C-E259-6273-7BBD-C2F69A408843}.Debug|Any CPU.ActiveCfg = Debug|Any CPU
		{D013991C-E259-6273-7BBD-C2F69A408843}.Debug|Any CPU.Build.0 = Debug|Any CPU
		{D013991C-E259-6273-7BBD-C2F69A408843}.Debug|x64.ActiveCfg = Debug|Any CPU
		{D013991C-E259-6273-7BBD-C2F69A408843}.Debug|x64.Build.0 = Debug|Any CPU
		{D013991C-E259-6273-7BBD-C2F69A408843}.Debug|x86.ActiveCfg = Debug|Any CPU
		{D013991C-E259-6273-7BBD-C2F69A408843}.Debug|x86.Build.0 = Debug|Any CPU
		{D013991C-E259-6273-7BBD-C2F69A408843}.Release|Any CPU.ActiveCfg = Release|Any CPU
		{D013991C-E259-6273-7BBD-C2F69A408843}.Release|Any CPU.Build.0 = Release|Any CPU
		{D013991C-E259-6273-7BBD-C2F69A408843}.Release|x64.ActiveCfg = Release|Any CPU
		{D013991C-E259-6273-7BBD-C2F69A408843}.Release|x64.Build.0 = Release|Any CPU
		{D013991C-E259-6273-7BBD-C2F69A408843}.Release|x86.ActiveCfg = Release|Any CPU
		{D013991C-E259-6273-7BBD-C2F69A408843}.Release|x86.Build.0 = Release|Any CPU
		{5331F115-4752-4F13-B874-A3C1F99BFF00}.Debug|Any CPU.ActiveCfg = Debug|Any CPU
		{5331F115-4752-4F13-B874-A3C1F99BFF00}.Debug|Any CPU.Build.0 = Debug|Any CPU
		{5331F115-4752-4F13-B874-A3C1F99BFF00}.Debug|x64.ActiveCfg = Debug|Any CPU
		{5331F115-4752-4F13-B874-A3C1F99BFF00}.Debug|x64.Build.0 = Debug|Any CPU
		{5331F115-4752-4F13-B874-A3C1F99BFF00}.Debug|x86.ActiveCfg = Debug|Any CPU
		{5331F115-4752-4F13-B874-A3C1F99BFF00}.Debug|x86.Build.0 = Debug|Any CPU
		{5331F115-4752-4F13-B874-A3C1F99BFF00}.Release|Any CPU.ActiveCfg = Release|Any CPU
		{5331F115-4752-4F13-B874-A3C1F99BFF00}.Release|Any CPU.Build.0 = Release|Any CPU
		{5331F115-4752-4F13-B874-A3C1F99BFF00}.Release|x64.ActiveCfg = Release|Any CPU
		{5331F115-4752-4F13-B874-A3C1F99BFF00}.Release|x64.Build.0 = Release|Any CPU
		{5331F115-4752-4F13-B874-A3C1F99BFF00}.Release|x86.ActiveCfg = Release|Any CPU
		{5331F115-4752-4F13-B874-A3C1F99BFF00}.Release|x86.Build.0 = Release|Any CPU
	EndGlobalSection
	GlobalSection(SolutionProperties) = preSolution
		HideSolutionNode = FALSE
	EndGlobalSection
	GlobalSection(ExtensibilityGlobals) = postSolution
		SolutionGuid = {22A94B7F-759F-4C93-BEC5-F31BCCC7131A}
	EndGlobalSection
EndGlobal
